{
  "pins" : [
    {
      "identity" : "realm-core",
      "kind" : "remoteSourceControl",
      "location" : "https://github.com/realm/realm-core.git",
      "state" : {
        "revision" : "a5e87a39cffdcc591f3203c11cfca68100d0b9a6",
        "version" : "13.26.0"
      }
    },
    {
      "identity" : "realm-swift",
      "kind" : "remoteSourceControl",
      "location" : "https://github.com/realm/realm-swift",
      "state" : {
        "branch" : "master",
        "revision" : "a56145813ef5e7c4b5c5450fabfa1b1a098247b0"
      }
    },
    {
      "identity" : "tretjapannfcreader",
      "kind" : "remoteSourceControl",
      "location" : "https://github.com/treastrain/TRETJapanNFCReader",
      "state" : {
        "revision" : "0fa67f9bc533de5c5c5644fa6278c75c722cf1aa",
        "version" : "2.0.1"
      }
    }
  ],
  "version" : 2
}
